
Microsoft Visual Studio Solution File, Format Version 12.00
# Visual Studio Version 17
VisualStudioVersion = 17.10.34928.147
MinimumVisualStudioVersion = 10.0.40219.1
Project("{9A19103F-16F7-4668-BE54-9A1E7A4F7556}") = "dia3", "dia3.csproj", "{F240D780-3D44-4B73-9552-273A777CBC3B}"
EndProject
Project("{9A19103F-16F7-4668-BE54-9A1E7A4F7556}") = "Funciones", "..\Funciones\Funciones.csproj", "{3D96AEA8-C634-4CC8-8227-43E36A2A550B}"
EndProject
Project("{FAE04EC0-301F-11D3-BF4B-00C04F79EFBC}") = "WebScraping", "..\WebScraping\WebScraping.csproj", "{F51A44BC-0AAD-4E35-AFE1-9265B11E60C3}"
EndProject
Global
	GlobalSection(SolutionConfigurationPlatforms) = preSolution
		Debug|Any CPU = Debug|Any CPU
		Release|Any CPU = Release|Any CPU
	EndGlobalSection
	GlobalSection(ProjectConfigurationPlatforms) = postSolution
		{F240D780-3D44-4B73-9552-273A777CBC3B}.Debug|Any CPU.ActiveCfg = Debug|Any CPU
		{F240D780-3D44-4B73-9552-273A777CBC3B}.Debug|Any CPU.Build.0 = Debug|Any CPU
		{F240D780-3D44-4B73-9552-273A777CBC3B}.Release|Any CPU.ActiveCfg = Release|Any CPU
		{F240D780-3D44-4B73-9552-273A777CBC3B}.Release|Any CPU.Build.0 = Release|Any CPU
		{3D96AEA8-C634-4CC8-8227-43E36A2A550B}.Debug|Any CPU.ActiveCfg = Debug|Any CPU
		{3D96AEA8-C634-4CC8-8227-43E36A2A550B}.Debug|Any CPU.Build.0 = Debug|Any CPU
		{3D96AEA8-C634-4CC8-8227-43E36A2A550B}.Release|Any CPU.ActiveCfg = Release|Any CPU
		{3D96AEA8-C634-4CC8-8227-43E36A2A550B}.Release|Any CPU.Build.0 = Release|Any CPU
		{F51A44BC-0AAD-4E35-AFE1-9265B11E60C3}.Debug|Any CPU.ActiveCfg = Debug|Any CPU
		{F51A44BC-0AAD-4E35-AFE1-9265B11E60C3}.Debug|Any CPU.Build.0 = Debug|Any CPU
		{F51A44BC-0AAD-4E35-AFE1-9265B11E60C3}.Release|Any CPU.ActiveCfg = Release|Any CPU
		{F51A44BC-0AAD-4E35-AFE1-9265B11E60C3}.Release|Any CPU.Build.0 = Release|Any CPU
	EndGlobalSection
	GlobalSection(SolutionProperties) = preSolution
		HideSolutionNode = FALSE
	EndGlobalSection
	GlobalSection(ExtensibilityGlobals) = postSolution
		SolutionGuid = {C2CBA89E-DA76-41AD-9451-AAC51C7E9EAA}
	EndGlobalSection
EndGlobal
