
Microsoft Visual Studio Solution File, Format Version 12.00
# Visual Studio Version 17
VisualStudioVersion = 17.10.35013.160
MinimumVisualStudioVersion = 10.0.40219.1
Project("{FAE04EC0-301F-11D3-BF4B-00C04F79EFBC}") = "Herencia", "Herencia.csproj", "{0A7EE173-CD10-481A-A19C-0E24D668573E}"
EndProject
Global
	GlobalSection(SolutionConfigurationPlatforms) = preSolution
		Debug|Any CPU = Debug|Any CPU
		Release|Any CPU = Release|Any CPU
	EndGlobalSection
	GlobalSection(ProjectConfigurationPlatforms) = postSolution
		{0A7EE173-CD10-481A-A19C-0E24D668573E}.Debug|Any CPU.ActiveCfg = Debug|Any CPU
		{0A7EE173-CD10-481A-A19C-0E24D668573E}.Debug|Any CPU.Build.0 = Debug|Any CPU
		{0A7EE173-CD10-481A-A19C-0E24D668573E}.Release|Any CPU.ActiveCfg = Release|Any CPU
		{0A7EE173-CD10-481A-A19C-0E24D668573E}.Release|Any CPU.Build.0 = Release|Any CPU
	EndGlobalSection
	GlobalSection(SolutionProperties) = preSolution
		HideSolutionNode = FALSE
	EndGlobalSection
	GlobalSection(ExtensibilityGlobals) = postSolution
		SolutionGuid = {A851654D-D652-4AD5-8229-4FF1C2FE63E4}
	EndGlobalSection
EndGlobal
