
Microsoft Visual Studio Solution File, Format Version 12.00
# Visual Studio Version 17
VisualStudioVersion = 17.10.35122.118
MinimumVisualStudioVersion = 10.0.40219.1
Project("{FAE04EC0-301F-11D3-BF4B-00C04F79EFBC}") = "Singleton", "Singleton\Singleton.csproj", "{9A9DAA5B-06EA-43C6-9ABC-52413569378B}"
EndProject
Global
	GlobalSection(SolutionConfigurationPlatforms) = preSolution
		Debug|Any CPU = Debug|Any CPU
		Release|Any CPU = Release|Any CPU
	EndGlobalSection
	GlobalSection(ProjectConfigurationPlatforms) = postSolution
		{9A9DAA5B-06EA-43C6-9ABC-52413569378B}.Debug|Any CPU.ActiveCfg = Debug|Any CPU
		{9A9DAA5B-06EA-43C6-9ABC-52413569378B}.Debug|Any CPU.Build.0 = Debug|Any CPU
		{9A9DAA5B-06EA-43C6-9ABC-52413569378B}.Release|Any CPU.ActiveCfg = Release|Any CPU
		{9A9DAA5B-06EA-43C6-9ABC-52413569378B}.Release|Any CPU.Build.0 = Release|Any CPU
	EndGlobalSection
	GlobalSection(SolutionProperties) = preSolution
		HideSolutionNode = FALSE
	EndGlobalSection
	GlobalSection(ExtensibilityGlobals) = postSolution
		SolutionGuid = {64E9D002-BA69-41AA-8ED0-7F39E71F529A}
	EndGlobalSection
EndGlobal
