
Microsoft Visual Studio Solution File, Format Version 12.00
# Visual Studio Version 17
VisualStudioVersion = 17.10.35122.118
MinimumVisualStudioVersion = 10.0.40219.1
Project("{FAE04EC0-301F-11D3-BF4B-00C04F79EFBC}") = "FluentBuilder", "FluentBuilder\FluentBuilder.csproj", "{9F304277-161D-432F-8AEA-AB126BDB5FF3}"
EndProject
Global
	GlobalSection(SolutionConfigurationPlatforms) = preSolution
		Debug|Any CPU = Debug|Any CPU
		Release|Any CPU = Release|Any CPU
	EndGlobalSection
	GlobalSection(ProjectConfigurationPlatforms) = postSolution
		{9F304277-161D-432F-8AEA-AB126BDB5FF3}.Debug|Any CPU.ActiveCfg = Debug|Any CPU
		{9F304277-161D-432F-8AEA-AB126BDB5FF3}.Debug|Any CPU.Build.0 = Debug|Any CPU
		{9F304277-161D-432F-8AEA-AB126BDB5FF3}.Release|Any CPU.ActiveCfg = Release|Any CPU
		{9F304277-161D-432F-8AEA-AB126BDB5FF3}.Release|Any CPU.Build.0 = Release|Any CPU
	EndGlobalSection
	GlobalSection(SolutionProperties) = preSolution
		HideSolutionNode = FALSE
	EndGlobalSection
	GlobalSection(ExtensibilityGlobals) = postSolution
		SolutionGuid = {FDDAFC52-8A50-42B6-AAB4-4EEAD0801E4B}
	EndGlobalSection
EndGlobal
