
Microsoft Visual Studio Solution File, Format Version 12.00
# Visual Studio Version 17
VisualStudioVersion = 17.11.35222.181
MinimumVisualStudioVersion = 10.0.40219.1
Project("{FAE04EC0-301F-11D3-BF4B-00C04F79EFBC}") = "ModeloDesconectadoWpfApp", "ModeloDesconectadoWpfApp\ModeloDesconectadoWpfApp.csproj", "{DA02EFD2-2A55-44F7-9191-0E6C09A489C5}"
EndProject
Global
	GlobalSection(SolutionConfigurationPlatforms) = preSolution
		Debug|Any CPU = Debug|Any CPU
		Release|Any CPU = Release|Any CPU
	EndGlobalSection
	GlobalSection(ProjectConfigurationPlatforms) = postSolution
		{DA02EFD2-2A55-44F7-9191-0E6C09A489C5}.Debug|Any CPU.ActiveCfg = Debug|Any CPU
		{DA02EFD2-2A55-44F7-9191-0E6C09A489C5}.Debug|Any CPU.Build.0 = Debug|Any CPU
		{DA02EFD2-2A55-44F7-9191-0E6C09A489C5}.Release|Any CPU.ActiveCfg = Release|Any CPU
		{DA02EFD2-2A55-44F7-9191-0E6C09A489C5}.Release|Any CPU.Build.0 = Release|Any CPU
	EndGlobalSection
	GlobalSection(SolutionProperties) = preSolution
		HideSolutionNode = FALSE
	EndGlobalSection
	GlobalSection(ExtensibilityGlobals) = postSolution
		SolutionGuid = {57BFFE7A-BE1D-4EE2-A167-46DB83F22833}
	EndGlobalSection
EndGlobal
