
Microsoft Visual Studio Solution File, Format Version 12.00
# Visual Studio Version 17
VisualStudioVersion = 17.10.35027.167
MinimumVisualStudioVersion = 10.0.40219.1
Project("{FAE04EC0-301F-11D3-BF4B-00C04F79EFBC}") = "WpfAppIntroduccion", "WpfAppIntroduccion\WpfAppIntroduccion.csproj", "{CE2A6ABC-8F9A-47BB-B44E-2723DA8428F7}"
EndProject
Global
	GlobalSection(SolutionConfigurationPlatforms) = preSolution
		Debug|Any CPU = Debug|Any CPU
		Release|Any CPU = Release|Any CPU
	EndGlobalSection
	GlobalSection(ProjectConfigurationPlatforms) = postSolution
		{CE2A6ABC-8F9A-47BB-B44E-2723DA8428F7}.Debug|Any CPU.ActiveCfg = Debug|Any CPU
		{CE2A6ABC-8F9A-47BB-B44E-2723DA8428F7}.Debug|Any CPU.Build.0 = Debug|Any CPU
		{CE2A6ABC-8F9A-47BB-B44E-2723DA8428F7}.Release|Any CPU.ActiveCfg = Release|Any CPU
		{CE2A6ABC-8F9A-47BB-B44E-2723DA8428F7}.Release|Any CPU.Build.0 = Release|Any CPU
	EndGlobalSection
	GlobalSection(SolutionProperties) = preSolution
		HideSolutionNode = FALSE
	EndGlobalSection
	GlobalSection(ExtensibilityGlobals) = postSolution
		SolutionGuid = {BAF18EE8-59A0-4428-869D-9BF2886EAF61}
	EndGlobalSection
EndGlobal
