
Microsoft Visual Studio Solution File, Format Version 12.00
# Visual Studio Version 17
VisualStudioVersion = 17.10.34928.147
MinimumVisualStudioVersion = 10.0.40219.1
Project("{9A19103F-16F7-4668-BE54-9A1E7A4F7556}") = "colecciones", "colecciones.csproj", "{1E223A1A-07F8-430F-8F52-1B73797AA7F6}"
EndProject
Project("{9A19103F-16F7-4668-BE54-9A1E7A4F7556}") = "listas", "..\listas\listas.csproj", "{37284720-5886-4A3D-B8B0-CC3BE58E036B}"
EndProject
Project("{9A19103F-16F7-4668-BE54-9A1E7A4F7556}") = "diccionarios", "..\diccionarios\diccionarios.csproj", "{8F77AA6B-A88D-47DE-B53E-E958EC9AC398}"
EndProject
Project("{9A19103F-16F7-4668-BE54-9A1E7A4F7556}") = "CrudAlumnos", "..\CrudAlumnos\CrudAlumnos.csproj", "{42811B89-546C-42FD-8323-43BE53C3089A}"
EndProject
Project("{FAE04EC0-301F-11D3-BF4B-00C04F79EFBC}") = "CrudEmpresas", "..\CrudEmpresas\CrudEmpresas.csproj", "{ADEF2DDC-FF2E-498C-ADB7-061DA2726898}"
EndProject
Global
	GlobalSection(SolutionConfigurationPlatforms) = preSolution
		Debug|Any CPU = Debug|Any CPU
		Release|Any CPU = Release|Any CPU
	EndGlobalSection
	GlobalSection(ProjectConfigurationPlatforms) = postSolution
		{1E223A1A-07F8-430F-8F52-1B73797AA7F6}.Debug|Any CPU.ActiveCfg = Debug|Any CPU
		{1E223A1A-07F8-430F-8F52-1B73797AA7F6}.Debug|Any CPU.Build.0 = Debug|Any CPU
		{1E223A1A-07F8-430F-8F52-1B73797AA7F6}.Release|Any CPU.ActiveCfg = Release|Any CPU
		{1E223A1A-07F8-430F-8F52-1B73797AA7F6}.Release|Any CPU.Build.0 = Release|Any CPU
		{37284720-5886-4A3D-B8B0-CC3BE58E036B}.Debug|Any CPU.ActiveCfg = Debug|Any CPU
		{37284720-5886-4A3D-B8B0-CC3BE58E036B}.Debug|Any CPU.Build.0 = Debug|Any CPU
		{37284720-5886-4A3D-B8B0-CC3BE58E036B}.Release|Any CPU.ActiveCfg = Release|Any CPU
		{37284720-5886-4A3D-B8B0-CC3BE58E036B}.Release|Any CPU.Build.0 = Release|Any CPU
		{8F77AA6B-A88D-47DE-B53E-E958EC9AC398}.Debug|Any CPU.ActiveCfg = Debug|Any CPU
		{8F77AA6B-A88D-47DE-B53E-E958EC9AC398}.Debug|Any CPU.Build.0 = Debug|Any CPU
		{8F77AA6B-A88D-47DE-B53E-E958EC9AC398}.Release|Any CPU.ActiveCfg = Release|Any CPU
		{8F77AA6B-A88D-47DE-B53E-E958EC9AC398}.Release|Any CPU.Build.0 = Release|Any CPU
		{42811B89-546C-42FD-8323-43BE53C3089A}.Debug|Any CPU.ActiveCfg = Debug|Any CPU
		{42811B89-546C-42FD-8323-43BE53C3089A}.Debug|Any CPU.Build.0 = Debug|Any CPU
		{42811B89-546C-42FD-8323-43BE53C3089A}.Release|Any CPU.ActiveCfg = Release|Any CPU
		{42811B89-546C-42FD-8323-43BE53C3089A}.Release|Any CPU.Build.0 = Release|Any CPU
		{ADEF2DDC-FF2E-498C-ADB7-061DA2726898}.Debug|Any CPU.ActiveCfg = Debug|Any CPU
		{ADEF2DDC-FF2E-498C-ADB7-061DA2726898}.Debug|Any CPU.Build.0 = Debug|Any CPU
		{ADEF2DDC-FF2E-498C-ADB7-061DA2726898}.Release|Any CPU.ActiveCfg = Release|Any CPU
		{ADEF2DDC-FF2E-498C-ADB7-061DA2726898}.Release|Any CPU.Build.0 = Release|Any CPU
	EndGlobalSection
	GlobalSection(SolutionProperties) = preSolution
		HideSolutionNode = FALSE
	EndGlobalSection
	GlobalSection(ExtensibilityGlobals) = postSolution
		SolutionGuid = {3F53AE09-8858-45C7-9776-3B442CE449D4}
	EndGlobalSection
EndGlobal
