
Microsoft Visual Studio Solution File, Format Version 12.00
# Visual Studio Version 17
VisualStudioVersion = 17.10.35013.160
MinimumVisualStudioVersion = 10.0.40219.1
Project("{9A19103F-16F7-4668-BE54-9A1E7A4F7556}") = "LSP_Ejercicio1_BEFORE", "LSP_Ejervicio1_BEFORE\LSP_Ejercicio1_BEFORE.csproj", "{B5346B03-573E-4189-BD10-9942CEA4B876}"
EndProject
Project("{9A19103F-16F7-4668-BE54-9A1E7A4F7556}") = "LSP_Ejercicio1_AFTER", "LSP_Ejercicio_AFTER\LSP_Ejercicio1_AFTER.csproj", "{A9AA918D-7DF9-464D-AC8F-7556418141B7}"
EndProject
Project("{9A19103F-16F7-4668-BE54-9A1E7A4F7556}") = "LSP_Ejercicio2_BEFORE", "LSP_Ejercicio2_BEFORE\LSP_Ejercicio2_BEFORE.csproj", "{5AB9E256-BC11-48DD-8E25-AF460357545E}"
EndProject
Project("{9A19103F-16F7-4668-BE54-9A1E7A4F7556}") = "LSP_Ejercicio2_AFTER", "LSP_Ejercicio2_AFTER\LSP_Ejercicio2_AFTER.csproj", "{C14FBAEF-D7AB-45FA-83D8-621076BD724A}"
EndProject
Project("{9A19103F-16F7-4668-BE54-9A1E7A4F7556}") = "ISP_Ejercicio1_BEFORE", "ISP_Ejercicio1_BEFORE\ISP_Ejercicio1_BEFORE.csproj", "{BD471E02-4FF3-4F2D-9439-1EA175F7235B}"
EndProject
Project("{9A19103F-16F7-4668-BE54-9A1E7A4F7556}") = "ISP_Ejercicio1_AFTER", "ISP_Ejercicio1_AFTER\ISP_Ejercicio1_AFTER.csproj", "{2B7C45BB-CD2E-425A-8EAA-1542024DA5AD}"
EndProject
Project("{FAE04EC0-301F-11D3-BF4B-00C04F79EFBC}") = "ISP_Ejercicio2_BEFORE", "ISP_Ejercicio2_BEFORE\ISP_Ejercicio2_BEFORE.csproj", "{E32B1CB4-F30D-4A8D-8927-CEC47CAA6561}"
EndProject
Project("{FAE04EC0-301F-11D3-BF4B-00C04F79EFBC}") = "ISP_Ejercicio2_AFTER", "ISP_Ejercicio2_AFTER\ISP_Ejercicio2_AFTER.csproj", "{2DF54DB3-B417-49BE-935E-948EEAD35FF1}"
EndProject
Global
	GlobalSection(SolutionConfigurationPlatforms) = preSolution
		Debug|Any CPU = Debug|Any CPU
		Release|Any CPU = Release|Any CPU
	EndGlobalSection
	GlobalSection(ProjectConfigurationPlatforms) = postSolution
		{B5346B03-573E-4189-BD10-9942CEA4B876}.Debug|Any CPU.ActiveCfg = Debug|Any CPU
		{B5346B03-573E-4189-BD10-9942CEA4B876}.Debug|Any CPU.Build.0 = Debug|Any CPU
		{B5346B03-573E-4189-BD10-9942CEA4B876}.Release|Any CPU.ActiveCfg = Release|Any CPU
		{B5346B03-573E-4189-BD10-9942CEA4B876}.Release|Any CPU.Build.0 = Release|Any CPU
		{A9AA918D-7DF9-464D-AC8F-7556418141B7}.Debug|Any CPU.ActiveCfg = Debug|Any CPU
		{A9AA918D-7DF9-464D-AC8F-7556418141B7}.Debug|Any CPU.Build.0 = Debug|Any CPU
		{A9AA918D-7DF9-464D-AC8F-7556418141B7}.Release|Any CPU.ActiveCfg = Release|Any CPU
		{A9AA918D-7DF9-464D-AC8F-7556418141B7}.Release|Any CPU.Build.0 = Release|Any CPU
		{5AB9E256-BC11-48DD-8E25-AF460357545E}.Debug|Any CPU.ActiveCfg = Debug|Any CPU
		{5AB9E256-BC11-48DD-8E25-AF460357545E}.Debug|Any CPU.Build.0 = Debug|Any CPU
		{5AB9E256-BC11-48DD-8E25-AF460357545E}.Release|Any CPU.ActiveCfg = Release|Any CPU
		{5AB9E256-BC11-48DD-8E25-AF460357545E}.Release|Any CPU.Build.0 = Release|Any CPU
		{C14FBAEF-D7AB-45FA-83D8-621076BD724A}.Debug|Any CPU.ActiveCfg = Debug|Any CPU
		{C14FBAEF-D7AB-45FA-83D8-621076BD724A}.Debug|Any CPU.Build.0 = Debug|Any CPU
		{C14FBAEF-D7AB-45FA-83D8-621076BD724A}.Release|Any CPU.ActiveCfg = Release|Any CPU
		{C14FBAEF-D7AB-45FA-83D8-621076BD724A}.Release|Any CPU.Build.0 = Release|Any CPU
		{BD471E02-4FF3-4F2D-9439-1EA175F7235B}.Debug|Any CPU.ActiveCfg = Debug|Any CPU
		{BD471E02-4FF3-4F2D-9439-1EA175F7235B}.Debug|Any CPU.Build.0 = Debug|Any CPU
		{BD471E02-4FF3-4F2D-9439-1EA175F7235B}.Release|Any CPU.ActiveCfg = Release|Any CPU
		{BD471E02-4FF3-4F2D-9439-1EA175F7235B}.Release|Any CPU.Build.0 = Release|Any CPU
		{2B7C45BB-CD2E-425A-8EAA-1542024DA5AD}.Debug|Any CPU.ActiveCfg = Debug|Any CPU
		{2B7C45BB-CD2E-425A-8EAA-1542024DA5AD}.Debug|Any CPU.Build.0 = Debug|Any CPU
		{2B7C45BB-CD2E-425A-8EAA-1542024DA5AD}.Release|Any CPU.ActiveCfg = Release|Any CPU
		{2B7C45BB-CD2E-425A-8EAA-1542024DA5AD}.Release|Any CPU.Build.0 = Release|Any CPU
		{E32B1CB4-F30D-4A8D-8927-CEC47CAA6561}.Debug|Any CPU.ActiveCfg = Debug|Any CPU
		{E32B1CB4-F30D-4A8D-8927-CEC47CAA6561}.Debug|Any CPU.Build.0 = Debug|Any CPU
		{E32B1CB4-F30D-4A8D-8927-CEC47CAA6561}.Release|Any CPU.ActiveCfg = Release|Any CPU
		{E32B1CB4-F30D-4A8D-8927-CEC47CAA6561}.Release|Any CPU.Build.0 = Release|Any CPU
		{2DF54DB3-B417-49BE-935E-948EEAD35FF1}.Debug|Any CPU.ActiveCfg = Debug|Any CPU
		{2DF54DB3-B417-49BE-935E-948EEAD35FF1}.Debug|Any CPU.Build.0 = Debug|Any CPU
		{2DF54DB3-B417-49BE-935E-948EEAD35FF1}.Release|Any CPU.ActiveCfg = Release|Any CPU
		{2DF54DB3-B417-49BE-935E-948EEAD35FF1}.Release|Any CPU.Build.0 = Release|Any CPU
	EndGlobalSection
	GlobalSection(SolutionProperties) = preSolution
		HideSolutionNode = FALSE
	EndGlobalSection
	GlobalSection(ExtensibilityGlobals) = postSolution
		SolutionGuid = {C540DEDE-83C0-4227-A56F-F85BF1AC06B4}
	EndGlobalSection
EndGlobal
