
Microsoft Visual Studio Solution File, Format Version 12.00
# Visual Studio Version 17
VisualStudioVersion = 17.10.35027.167
MinimumVisualStudioVersion = 10.0.40219.1
Project("{FAE04EC0-301F-11D3-BF4B-00C04F79EFBC}") = "WpfAppButton", "WpfAppButton\WpfAppButton.csproj", "{457A8364-8DD6-48EC-9136-937B13B792AD}"
EndProject
Global
	GlobalSection(SolutionConfigurationPlatforms) = preSolution
		Debug|Any CPU = Debug|Any CPU
		Release|Any CPU = Release|Any CPU
	EndGlobalSection
	GlobalSection(ProjectConfigurationPlatforms) = postSolution
		{457A8364-8DD6-48EC-9136-937B13B792AD}.Debug|Any CPU.ActiveCfg = Debug|Any CPU
		{457A8364-8DD6-48EC-9136-937B13B792AD}.Debug|Any CPU.Build.0 = Debug|Any CPU
		{457A8364-8DD6-48EC-9136-937B13B792AD}.Release|Any CPU.ActiveCfg = Release|Any CPU
		{457A8364-8DD6-48EC-9136-937B13B792AD}.Release|Any CPU.Build.0 = Release|Any CPU
	EndGlobalSection
	GlobalSection(SolutionProperties) = preSolution
		HideSolutionNode = FALSE
	EndGlobalSection
	GlobalSection(ExtensibilityGlobals) = postSolution
		SolutionGuid = {FBCB6245-4192-4FD8-810D-DF40356DB944}
	EndGlobalSection
EndGlobal
