
Microsoft Visual Studio Solution File, Format Version 12.00
# Visual Studio Version 17
VisualStudioVersion = 17.10.35013.160
MinimumVisualStudioVersion = 10.0.40219.1
Project("{FAE04EC0-301F-11D3-BF4B-00C04F79EFBC}") = "Ejercicio1_After", "Ejercicio1_After\Ejercicio1_After.csproj", "{AF63EED4-F3D1-43CD-B734-A6A0821810E9}"
EndProject
Global
	GlobalSection(SolutionConfigurationPlatforms) = preSolution
		Debug|Any CPU = Debug|Any CPU
		Release|Any CPU = Release|Any CPU
	EndGlobalSection
	GlobalSection(ProjectConfigurationPlatforms) = postSolution
		{AF63EED4-F3D1-43CD-B734-A6A0821810E9}.Debug|Any CPU.ActiveCfg = Debug|Any CPU
		{AF63EED4-F3D1-43CD-B734-A6A0821810E9}.Debug|Any CPU.Build.0 = Debug|Any CPU
		{AF63EED4-F3D1-43CD-B734-A6A0821810E9}.Release|Any CPU.ActiveCfg = Release|Any CPU
		{AF63EED4-F3D1-43CD-B734-A6A0821810E9}.Release|Any CPU.Build.0 = Release|Any CPU
	EndGlobalSection
	GlobalSection(SolutionProperties) = preSolution
		HideSolutionNode = FALSE
	EndGlobalSection
	GlobalSection(ExtensibilityGlobals) = postSolution
		SolutionGuid = {B47DE359-27B4-457E-9F19-B65418FA90C0}
	EndGlobalSection
EndGlobal
